
Microsoft Visual Studio Solution File, Format Version 12.00
# Visual Studio 15
VisualStudioVersion = 15.0.27703.2035
MinimumVisualStudioVersion = 10.0.40219.1
Project("{FAE04EC0-301F-11D3-BF4B-00C04F79EFBC}") = "Kanban.Android", "Kanban\Kanban.Android\Kanban.Android.csproj", "{FEEB7C27-57D8-4CFC-9C47-EEF7394766D2}"
EndProject
Project("{FAE04EC0-301F-11D3-BF4B-00C04F79EFBC}") = "Kanban.iOS", "Kanban\Kanban.iOS\Kanban.iOS.csproj", "{F3F66EA8-20D5-4661-A674-2AF2ABAE63C2}"
EndProject
Project("{FAE04EC0-301F-11D3-BF4B-00C04F79EFBC}") = "Kanban", "Kanban\Kanban\Kanban.csproj", "{AF22E2EA-C08A-497A-92D7-A296089DECE3}"
EndProject
Global
	GlobalSection(SolutionConfigurationPlatforms) = preSolution
		Ad-Hoc|Any CPU = Ad-Hoc|Any CPU
		Ad-Hoc|iPhone = Ad-Hoc|iPhone
		Ad-Hoc|iPhoneSimulator = Ad-Hoc|iPhoneSimulator
		AppStore|Any CPU = AppStore|Any CPU
		AppStore|iPhone = AppStore|iPhone
		AppStore|iPhoneSimulator = AppStore|iPhoneSimulator
		Debug|Any CPU = Debug|Any CPU
		Debug|iPhone = Debug|iPhone
		Debug|iPhoneSimulator = Debug|iPhoneSimulator
		Release|Any CPU = Release|Any CPU
		Release|iPhone = Release|iPhone
		Release|iPhoneSimulator = Release|iPhoneSimulator
	EndGlobalSection
	GlobalSection(ProjectConfigurationPlatforms) = postSolution
		{FEEB7C27-57D8-4CFC-9C47-EEF7394766D2}.Ad-Hoc|Any CPU.ActiveCfg = Release|Any CPU
		{FEEB7C27-57D8-4CFC-9C47-EEF7394766D2}.Ad-Hoc|Any CPU.Build.0 = Release|Any CPU
		{FEEB7C27-57D8-4CFC-9C47-EEF7394766D2}.Ad-Hoc|Any CPU.Deploy.0 = Release|Any CPU
		{FEEB7C27-57D8-4CFC-9C47-EEF7394766D2}.Ad-Hoc|iPhone.ActiveCfg = Release|Any CPU
		{FEEB7C27-57D8-4CFC-9C47-EEF7394766D2}.Ad-Hoc|iPhone.Build.0 = Release|Any CPU
		{FEEB7C27-57D8-4CFC-9C47-EEF7394766D2}.Ad-Hoc|iPhone.Deploy.0 = Release|Any CPU
		{FEEB7C27-57D8-4CFC-9C47-EEF7394766D2}.Ad-Hoc|iPhoneSimulator.ActiveCfg = Release|Any CPU
		{FEEB7C27-57D8-4CFC-9C47-EEF7394766D2}.Ad-Hoc|iPhoneSimulator.Build.0 = Release|Any CPU
		{FEEB7C27-57D8-4CFC-9C47-EEF7394766D2}.Ad-Hoc|iPhoneSimulator.Deploy.0 = Release|Any CPU
		{FEEB7C27-57D8-4CFC-9C47-EEF7394766D2}.AppStore|Any CPU.ActiveCfg = Release|Any CPU
		{FEEB7C27-57D8-4CFC-9C47-EEF7394766D2}.AppStore|Any CPU.Build.0 = Release|Any CPU
		{FEEB7C27-57D8-4CFC-9C47-EEF7394766D2}.AppStore|Any CPU.Deploy.0 = Release|Any CPU
		{FEEB7C27-57D8-4CFC-9C47-EEF7394766D2}.AppStore|iPhone.ActiveCfg = Release|Any CPU
		{FEEB7C27-57D8-4CFC-9C47-EEF7394766D2}.AppStore|iPhone.Build.0 = Release|Any CPU
		{FEEB7C27-57D8-4CFC-9C47-EEF7394766D2}.AppStore|iPhone.Deploy.0 = Release|Any CPU
		{FEEB7C27-57D8-4CFC-9C47-EEF7394766D2}.AppStore|iPhoneSimulator.ActiveCfg = Release|Any CPU
		{FEEB7C27-57D8-4CFC-9C47-EEF7394766D2}.AppStore|iPhoneSimulator.Build.0 = Release|Any CPU
		{FEEB7C27-57D8-4CFC-9C47-EEF7394766D2}.AppStore|iPhoneSimulator.Deploy.0 = Release|Any CPU
		{FEEB7C27-57D8-4CFC-9C47-EEF7394766D2}.Debug|Any CPU.ActiveCfg = Debug|Any CPU
		{FEEB7C27-57D8-4CFC-9C47-EEF7394766D2}.Debug|Any CPU.Build.0 = Debug|Any CPU
		{FEEB7C27-57D8-4CFC-9C47-EEF7394766D2}.Debug|Any CPU.Deploy.0 = Debug|Any CPU
		{FEEB7C27-57D8-4CFC-9C47-EEF7394766D2}.Debug|iPhone.ActiveCfg = Debug|Any CPU
		{FEEB7C27-57D8-4CFC-9C47-EEF7394766D2}.Debug|iPhone.Build.0 = Debug|Any CPU
		{FEEB7C27-57D8-4CFC-9C47-EEF7394766D2}.Debug|iPhone.Deploy.0 = Debug|Any CPU
		{FEEB7C27-57D8-4CFC-9C47-EEF7394766D2}.Debug|iPhoneSimulator.ActiveCfg = Debug|Any CPU
		{FEEB7C27-57D8-4CFC-9C47-EEF7394766D2}.Debug|iPhoneSimulator.Build.0 = Debug|Any CPU
		{FEEB7C27-57D8-4CFC-9C47-EEF7394766D2}.Debug|iPhoneSimulator.Deploy.0 = Debug|Any CPU
		{FEEB7C27-57D8-4CFC-9C47-EEF7394766D2}.Release|Any CPU.ActiveCfg = Release|Any CPU
		{FEEB7C27-57D8-4CFC-9C47-EEF7394766D2}.Release|Any CPU.Build.0 = Release|Any CPU
		{FEEB7C27-57D8-4CFC-9C47-EEF7394766D2}.Release|Any CPU.Deploy.0 = Release|Any CPU
		{FEEB7C27-57D8-4CFC-9C47-EEF7394766D2}.Release|iPhone.ActiveCfg = Release|Any CPU
		{FEEB7C27-57D8-4CFC-9C47-EEF7394766D2}.Release|iPhone.Build.0 = Release|Any CPU
		{FEEB7C27-57D8-4CFC-9C47-EEF7394766D2}.Release|iPhone.Deploy.0 = Release|Any CPU
		{FEEB7C27-57D8-4CFC-9C47-EEF7394766D2}.Release|iPhoneSimulator.ActiveCfg = Release|Any CPU
		{FEEB7C27-57D8-4CFC-9C47-EEF7394766D2}.Release|iPhoneSimulator.Build.0 = Release|Any CPU
		{FEEB7C27-57D8-4CFC-9C47-EEF7394766D2}.Release|iPhoneSimulator.Deploy.0 = Release|Any CPU
		{F3F66EA8-20D5-4661-A674-2AF2ABAE63C2}.Ad-Hoc|Any CPU.ActiveCfg = Ad-Hoc|iPhone
		{F3F66EA8-20D5-4661-A674-2AF2ABAE63C2}.Ad-Hoc|Any CPU.Build.0 = Ad-Hoc|iPhone
		{F3F66EA8-20D5-4661-A674-2AF2ABAE63C2}.Ad-Hoc|Any CPU.Deploy.0 = Ad-Hoc|iPhone
		{F3F66EA8-20D5-4661-A674-2AF2ABAE63C2}.Ad-Hoc|iPhone.ActiveCfg = Ad-Hoc|iPhone
		{F3F66EA8-20D5-4661-A674-2AF2ABAE63C2}.Ad-Hoc|iPhone.Build.0 = Ad-Hoc|iPhone
		{F3F66EA8-20D5-4661-A674-2AF2ABAE63C2}.Ad-Hoc|iPhone.Deploy.0 = Ad-Hoc|iPhone
		{F3F66EA8-20D5-4661-A674-2AF2ABAE63C2}.Ad-Hoc|iPhoneSimulator.ActiveCfg = Ad-Hoc|iPhoneSimulator
		{F3F66EA8-20D5-4661-A674-2AF2ABAE63C2}.Ad-Hoc|iPhoneSimulator.Build.0 = Ad-Hoc|iPhoneSimulator
		{F3F66EA8-20D5-4661-A674-2AF2ABAE63C2}.Ad-Hoc|iPhoneSimulator.Deploy.0 = Ad-Hoc|iPhoneSimulator
		{F3F66EA8-20D5-4661-A674-2AF2ABAE63C2}.AppStore|Any CPU.ActiveCfg = AppStore|iPhone
		{F3F66EA8-20D5-4661-A674-2AF2ABAE63C2}.AppStore|Any CPU.Build.0 = AppStore|iPhone
		{F3F66EA8-20D5-4661-A674-2AF2ABAE63C2}.AppStore|Any CPU.Deploy.0 = AppStore|iPhone
		{F3F66EA8-20D5-4661-A674-2AF2ABAE63C2}.AppStore|iPhone.ActiveCfg = AppStore|iPhone
		{F3F66EA8-20D5-4661-A674-2AF2ABAE63C2}.AppStore|iPhone.Build.0 = AppStore|iPhone
		{F3F66EA8-20D5-4661-A674-2AF2ABAE63C2}.AppStore|iPhone.Deploy.0 = AppStore|iPhone
		{F3F66EA8-20D5-4661-A674-2AF2ABAE63C2}.AppStore|iPhoneSimulator.ActiveCfg = AppStore|iPhoneSimulator
		{F3F66EA8-20D5-4661-A674-2AF2ABAE63C2}.AppStore|iPhoneSimulator.Build.0 = AppStore|iPhoneSimulator
		{F3F66EA8-20D5-4661-A674-2AF2ABAE63C2}.AppStore|iPhoneSimulator.Deploy.0 = AppStore|iPhoneSimulator
		{F3F66EA8-20D5-4661-A674-2AF2ABAE63C2}.Debug|Any CPU.ActiveCfg = Debug|iPhoneSimulator
		{F3F66EA8-20D5-4661-A674-2AF2ABAE63C2}.Debug|Any CPU.Build.0 = Debug|iPhoneSimulator
		{F3F66EA8-20D5-4661-A674-2AF2ABAE63C2}.Debug|Any CPU.Deploy.0 = Debug|iPhoneSimulator
		{F3F66EA8-20D5-4661-A674-2AF2ABAE63C2}.Debug|iPhone.ActiveCfg = Debug|iPhone
		{F3F66EA8-20D5-4661-A674-2AF2ABAE63C2}.Debug|iPhone.Build.0 = Debug|iPhone
		{F3F66EA8-20D5-4661-A674-2AF2ABAE63C2}.Debug|iPhone.Deploy.0 = Debug|iPhone
		{F3F66EA8-20D5-4661-A674-2AF2ABAE63C2}.Debug|iPhoneSimulator.ActiveCfg = Debug|iPhoneSimulator
		{F3F66EA8-20D5-4661-A674-2AF2ABAE63C2}.Debug|iPhoneSimulator.Build.0 = Debug|iPhoneSimulator
		{F3F66EA8-20D5-4661-A674-2AF2ABAE63C2}.Debug|iPhoneSimulator.Deploy.0 = Debug|iPhoneSimulator
		{F3F66EA8-20D5-4661-A674-2AF2ABAE63C2}.Release|Any CPU.ActiveCfg = Release|iPhone
		{F3F66EA8-20D5-4661-A674-2AF2ABAE63C2}.Release|Any CPU.Build.0 = Release|iPhone
		{F3F66EA8-20D5-4661-A674-2AF2ABAE63C2}.Release|Any CPU.Deploy.0 = Release|iPhone
		{F3F66EA8-20D5-4661-A674-2AF2ABAE63C2}.Release|iPhone.ActiveCfg = Release|iPhone
		{F3F66EA8-20D5-4661-A674-2AF2ABAE63C2}.Release|iPhone.Build.0 = Release|iPhone
		{F3F66EA8-20D5-4661-A674-2AF2ABAE63C2}.Release|iPhone.Deploy.0 = Release|iPhone
		{F3F66EA8-20D5-4661-A674-2AF2ABAE63C2}.Release|iPhoneSimulator.ActiveCfg = Release|iPhoneSimulator
		{F3F66EA8-20D5-4661-A674-2AF2ABAE63C2}.Release|iPhoneSimulator.Build.0 = Release|iPhoneSimulator
		{F3F66EA8-20D5-4661-A674-2AF2ABAE63C2}.Release|iPhoneSimulator.Deploy.0 = Release|iPhoneSimulator
		{AF22E2EA-C08A-497A-92D7-A296089DECE3}.Ad-Hoc|Any CPU.ActiveCfg = Debug|Any CPU
		{AF22E2EA-C08A-497A-92D7-A296089DECE3}.Ad-Hoc|Any CPU.Build.0 = Debug|Any CPU
		{AF22E2EA-C08A-497A-92D7-A296089DECE3}.Ad-Hoc|Any CPU.Deploy.0 = Debug|Any CPU
		{AF22E2EA-C08A-497A-92D7-A296089DECE3}.Ad-Hoc|iPhone.ActiveCfg = Debug|Any CPU
		{AF22E2EA-C08A-497A-92D7-A296089DECE3}.Ad-Hoc|iPhone.Build.0 = Debug|Any CPU
		{AF22E2EA-C08A-497A-92D7-A296089DECE3}.Ad-Hoc|iPhone.Deploy.0 = Debug|Any CPU
		{AF22E2EA-C08A-497A-92D7-A296089DECE3}.Ad-Hoc|iPhoneSimulator.ActiveCfg = Debug|Any CPU
		{AF22E2EA-C08A-497A-92D7-A296089DECE3}.Ad-Hoc|iPhoneSimulator.Build.0 = Debug|Any CPU
		{AF22E2EA-C08A-497A-92D7-A296089DECE3}.Ad-Hoc|iPhoneSimulator.Deploy.0 = Debug|Any CPU
		{AF22E2EA-C08A-497A-92D7-A296089DECE3}.AppStore|Any CPU.ActiveCfg = Debug|Any CPU
		{AF22E2EA-C08A-497A-92D7-A296089DECE3}.AppStore|Any CPU.Build.0 = Debug|Any CPU
		{AF22E2EA-C08A-497A-92D7-A296089DECE3}.AppStore|Any CPU.Deploy.0 = Debug|Any CPU
		{AF22E2EA-C08A-497A-92D7-A296089DECE3}.AppStore|iPhone.ActiveCfg = Debug|Any CPU
		{AF22E2EA-C08A-497A-92D7-A296089DECE3}.AppStore|iPhone.Build.0 = Debug|Any CPU
		{AF22E2EA-C08A-497A-92D7-A296089DECE3}.AppStore|iPhone.Deploy.0 = Debug|Any CPU
		{AF22E2EA-C08A-497A-92D7-A296089DECE3}.AppStore|iPhoneSimulator.ActiveCfg = Debug|Any CPU
		{AF22E2EA-C08A-497A-92D7-A296089DECE3}.AppStore|iPhoneSimulator.Build.0 = Debug|Any CPU
		{AF22E2EA-C08A-497A-92D7-A296089DECE3}.AppStore|iPhoneSimulator.Deploy.0 = Debug|Any CPU
		{AF22E2EA-C08A-497A-92D7-A296089DECE3}.Debug|Any CPU.ActiveCfg = Debug|Any CPU
		{AF22E2EA-C08A-497A-92D7-A296089DECE3}.Debug|Any CPU.Build.0 = Debug|Any CPU
		{AF22E2EA-C08A-497A-92D7-A296089DECE3}.Debug|Any CPU.Deploy.0 = Debug|Any CPU
		{AF22E2EA-C08A-497A-92D7-A296089DECE3}.Debug|iPhone.ActiveCfg = Debug|Any CPU
		{AF22E2EA-C08A-497A-92D7-A296089DECE3}.Debug|iPhone.Build.0 = Debug|Any CPU
		{AF22E2EA-C08A-497A-92D7-A296089DECE3}.Debug|iPhone.Deploy.0 = Debug|Any CPU
		{AF22E2EA-C08A-497A-92D7-A296089DECE3}.Debug|iPhoneSimulator.ActiveCfg = Debug|Any CPU
		{AF22E2EA-C08A-497A-92D7-A296089DECE3}.Debug|iPhoneSimulator.Build.0 = Debug|Any CPU
		{AF22E2EA-C08A-497A-92D7-A296089DECE3}.Debug|iPhoneSimulator.Deploy.0 = Debug|Any CPU
		{AF22E2EA-C08A-497A-92D7-A296089DECE3}.Release|Any CPU.ActiveCfg = Release|Any CPU
		{AF22E2EA-C08A-497A-92D7-A296089DECE3}.Release|Any CPU.Build.0 = Release|Any CPU
		{AF22E2EA-C08A-497A-92D7-A296089DECE3}.Release|Any CPU.Deploy.0 = Release|Any CPU
		{AF22E2EA-C08A-497A-92D7-A296089DECE3}.Release|iPhone.ActiveCfg = Release|Any CPU
		{AF22E2EA-C08A-497A-92D7-A296089DECE3}.Release|iPhone.Build.0 = Release|Any CPU
		{AF22E2EA-C08A-497A-92D7-A296089DECE3}.Release|iPhone.Deploy.0 = Release|Any CPU
		{AF22E2EA-C08A-497A-92D7-A296089DECE3}.Release|iPhoneSimulator.ActiveCfg = Release|Any CPU
		{AF22E2EA-C08A-497A-92D7-A296089DECE3}.Release|iPhoneSimulator.Build.0 = Release|Any CPU
		{AF22E2EA-C08A-497A-92D7-A296089DECE3}.Release|iPhoneSimulator.Deploy.0 = Release|Any CPU
	EndGlobalSection
	GlobalSection(SolutionProperties) = preSolution
		HideSolutionNode = FALSE
	EndGlobalSection
	GlobalSection(ExtensibilityGlobals) = postSolution
		SolutionGuid = {062841E5-4732-4091-874D-AFB0C28EECEF}
	EndGlobalSection
EndGlobal
